{
  "nodes": {
    "ags": {
      "inputs": {
        "nixpkgs": "nixpkgs",
        "systems": "systems"
      },
      "locked": {
        "lastModified": 1745369559,
        "narHash": "sha256-kGo1b/rtC49kIvTBWnv8oL6ZaMvo0+c29WFwVX6ew8U=",
        "owner": "coolguy1842",
        "repo": "agsv1",
        "rev": "8e8cde27fab2b0012c8352183ecefae3fd17df4a",
        "type": "github"
      },
      "original": {
        "owner": "coolguy1842",
        "ref": "v1",
        "repo": "agsv1",
        "type": "github"
      }
    },
    "ags-config": {
      "flake": false,
      "locked": {
        "lastModified": 1782208230,
        "narHash": "sha256-4IlY5pccIVDoAxbL6YtxMgUy9E/NGs+dUAfx3MzxB4Y=",
        "owner": "coolguy1842",
        "repo": "ags",
        "rev": "899d57efe9b0de10a5ea4499ad37f6362cd54d06",
        "type": "github"
      },
      "original": {
        "owner": "coolguy1842",
        "repo": "ags",
        "type": "github"
      }
    },
    "capturecardrelay": {
      "inputs": {
        "flake-utils": "flake-utils",
        "nixpkgs": [
          "nixpkgs"
        ]
      },
      "locked": {
        "lastModified": 1783494287,
        "narHash": "sha256-ZCW+dL5NhLIgUWti54pSvz6OetfLpWxQSe67CkWpjeA=",
        "owner": "coolguy1842",
        "repo": "CaptureCardRelay",
        "rev": "de19cf54c8df229bcc571bb0d3293acdd38fff73",
        "type": "github"
      },
      "original": {
        "owner": "coolguy1842",
        "repo": "CaptureCardRelay",
        "type": "github"
      }
    },
    "flake-utils": {
      "inputs": {
        "systems": "systems_2"
      },
      "locked": {
        "lastModified": 1731533236,
        "narHash": "sha256-l0KFg5HjrsfsO/JpG+r7fRrqm12kzFHyUHqHCVpMMbI=",
        "owner": "numtide",
        "repo": "flake-utils",
        "rev": "11707dc2f618dd54ca8739b309ec4fc024de578b",
        "type": "github"
      },
      "original": {
        "owner": "numtide",
        "repo": "flake-utils",
        "type": "github"
      }
    },
    "home-manager": {
      "inputs": {
        "nixpkgs": [
          "nixpkgs"
        ]
      },
      "locked": {
        "lastModified": 1781365335,
        "narHash": "sha256-zqDBhXMzfbdlO7F2bGHe7MOtB3xngd/+4ieMHDC+ZXo=",
        "owner": "nix-community",
        "repo": "home-manager",
        "rev": "5b6f5733726a1b2ccafb5dec6ac4ca7299fad66c",
        "type": "github"
      },
      "original": {
        "owner": "nix-community",
        "repo": "home-manager",
        "type": "github"
      }
    },
    "monado": {
      "flake": false,
      "locked": {
        "host": "gitlab.freedesktop.org",
        "lastModified": 1781310146,
        "narHash": "sha256-OJYWvClSdxg7KdvRAU/t5RqgROJu3itCvvt/XGizfso=",
        "owner": "monado",
        "repo": "monado",
        "rev": "0a4d733821962c05792a92fc9ece141979f84086",
        "type": "gitlab"
      },
      "original": {
        "host": "gitlab.freedesktop.org",
        "owner": "monado",
        "repo": "monado",
        "type": "gitlab"
      }
    },
    "nixpkgs": {
      "locked": {
        "lastModified": 1725634671,
        "narHash": "sha256-v3rIhsJBOMLR8e/RNWxr828tB+WywYIoajrZKFM+0Gg=",
        "owner": "NixOS",
        "repo": "nixpkgs",
        "rev": "574d1eac1c200690e27b8eb4e24887f8df7ac27c",
        "type": "github"
      },
      "original": {
        "owner": "NixOS",
        "ref": "nixos-unstable",
        "repo": "nixpkgs",
        "type": "github"
      }
    },
    "nixpkgs_2": {
      "locked": {
        "lastModified": 1781074563,
        "narHash": "sha256-md8WlXOlfnIeHeOScMTTHFyf2d6iaTwPl2apR5EQ3P4=",
        "owner": "nixos",
        "repo": "nixpkgs",
        "rev": "9ae611a455b90cf061d8f332b977e387bda8e1ca",
        "type": "github"
      },
      "original": {
        "owner": "nixos",
        "ref": "nixos-unstable",
        "repo": "nixpkgs",
        "type": "github"
      }
    },
    "nixpkgs_3": {
      "locked": {
        "lastModified": 1765311797,
        "narHash": "sha256-mSD5Ob7a+T2RNjvPvOA1dkJHGVrNVl8ZOrAwBjKBDQo=",
        "owner": "NixOS",
        "repo": "nixpkgs",
        "rev": "09eb77e94fa25202af8f3e81ddc7353d9970ac1b",
        "type": "github"
      },
      "original": {
        "owner": "NixOS",
        "ref": "nixos-25.11",
        "repo": "nixpkgs",
        "type": "github"
      }
    },
    "nixpkgs_4": {
      "locked": {
        "lastModified": 1745391562,
        "narHash": "sha256-sPwcCYuiEopaafePqlG826tBhctuJsLx/mhKKM5Fmjo=",
        "owner": "nixos",
        "repo": "nixpkgs",
        "rev": "8a2f738d9d1f1d986b5a4cd2fd2061a7127237d7",
        "type": "github"
      },
      "original": {
        "owner": "nixos",
        "ref": "nixos-unstable",
        "repo": "nixpkgs",
        "type": "github"
      }
    },
    "root": {
      "inputs": {
        "ags": "ags",
        "ags-config": "ags-config",
        "capturecardrelay": "capturecardrelay",
        "home-manager": "home-manager",
        "monado": "monado",
        "nixpkgs": "nixpkgs_2",
        "savesyncd": "savesyncd",
        "waveeffect": "waveeffect"
      }
    },
    "savesyncd": {
      "inputs": {
        "nixpkgs": "nixpkgs_3",
        "systems": "systems_3"
      },
      "locked": {
        "lastModified": 1769137416,
        "narHash": "sha256-Rso0SIhvSOnaKK8N3UYTdh1lBdQ3DrEKtxJKh03fYPc=",
        "owner": "coolguy1842",
        "repo": "SaveSyncd",
        "rev": "e63ff5372d4786c2965a374519eb97f2bbe6b61b",
        "type": "github"
      },
      "original": {
        "owner": "coolguy1842",
        "repo": "SaveSyncd",
        "type": "github"
      }
    },
    "systems": {
      "locked": {
        "lastModified": 1689347949,
        "narHash": "sha256-12tWmuL2zgBgZkdoB6qXZsgJEH9LR3oUgpaQq2RbI80=",
        "owner": "nix-systems",
        "repo": "default-linux",
        "rev": "31732fcf5e8fea42e59c2488ad31a0e651500f68",
        "type": "github"
      },
      "original": {
        "owner": "nix-systems",
        "repo": "default-linux",
        "type": "github"
      }
    },
    "systems_2": {
      "locked": {
        "lastModified": 1681028828,
        "narHash": "sha256-Vy1rq5AaRuLzOxct8nz4T6wlgyUR7zLU309k9mBC768=",
        "owner": "nix-systems",
        "repo": "default",
        "rev": "da67096a3b9bf56a91d16901293e51ba5b49a27e",
        "type": "github"
      },
      "original": {
        "owner": "nix-systems",
        "repo": "default",
        "type": "github"
      }
    },
    "systems_3": {
      "locked": {
        "lastModified": 1681028828,
        "narHash": "sha256-Vy1rq5AaRuLzOxct8nz4T6wlgyUR7zLU309k9mBC768=",
        "owner": "nix-systems",
        "repo": "default",
        "rev": "da67096a3b9bf56a91d16901293e51ba5b49a27e",
        "type": "github"
      },
      "original": {
        "id": "systems",
        "type": "indirect"
      }
    },
    "systems_4": {
      "locked": {
        "lastModified": 1681028828,
        "narHash": "sha256-Vy1rq5AaRuLzOxct8nz4T6wlgyUR7zLU309k9mBC768=",
        "owner": "nix-systems",
        "repo": "default",
        "rev": "da67096a3b9bf56a91d16901293e51ba5b49a27e",
        "type": "github"
      },
      "original": {
        "id": "systems",
        "type": "indirect"
      }
    },
    "waveeffect": {
      "inputs": {
        "nixpkgs": "nixpkgs_4",
        "systems": "systems_4"
      },
      "locked": {
        "lastModified": 1746414048,
        "narHash": "sha256-3fL6O5LsT7YHKjBh9pYxFtAUe3LS6NdM+EptzxxECUo=",
        "owner": "coolguy1842",
        "repo": "waveeffect",
        "rev": "610983d269c92f5acbc00b6a7c86d1d1f4621762",
        "type": "github"
      },
      "original": {
        "owner": "coolguy1842",
        "repo": "waveeffect",
        "type": "github"
      }
    }
  },
  "root": "root",
  "version": 7
}
